
Microsoft Visual Studio Solution File, Format Version 12.00
# Visual Studio Version 17
VisualStudioVersion = 17.0.32126.317
MinimumVisualStudioVersion = 10.0.40219.1
Project("{FAE04EC0-301F-11D3-BF4B-00C04F79EFBC}") = "BlocDeNotas", "BlocDeNotas.csproj", "{9E20B569-2559-4075-9FC4-447C36F68D85}"
EndProject
Global
	GlobalSection(SolutionConfigurationPlatforms) = preSolution
		Debug|Any CPU = Debug|Any CPU
		Release|Any CPU = Release|Any CPU
	EndGlobalSection
	GlobalSection(ProjectConfigurationPlatforms) = postSolution
		{9E20B569-2559-4075-9FC4-447C36F68D85}.Debug|Any CPU.ActiveCfg = Debug|Any CPU
		{9E20B569-2559-4075-9FC4-447C36F68D85}.Debug|Any CPU.Build.0 = Debug|Any CPU
		{9E20B569-2559-4075-9FC4-447C36F68D85}.Release|Any CPU.ActiveCfg = Release|Any CPU
		{9E20B569-2559-4075-9FC4-447C36F68D85}.Release|Any CPU.Build.0 = Release|Any CPU
	EndGlobalSection
	GlobalSection(SolutionProperties) = preSolution
		HideSolutionNode = FALSE
	EndGlobalSection
	GlobalSection(ExtensibilityGlobals) = postSolution
		SolutionGuid = {F509A394-3F4B-42A0-AB10-825C953AC371}
	EndGlobalSection
EndGlobal
